// !$*UTF8*$!
{
	archiveVersion = 1;
	classes = {
	};
	objectVersion = 50;
	objects = {

/* Begin PBXBuildFile section */
		594B358424C66C06003DC3A2 /* GoogleService-Info.plist in Resources */ = {isa = PBXBuildFile; fileRef = 594B358324C66C06003DC3A2 /* GoogleService-Info.plist */; };
		59988B1124C0A3DF008EF33B /* AppDelegate.swift in Sources */ = {isa = PBXBuildFile; fileRef = 59988B1024C0A3DF008EF33B /* AppDelegate.swift */; };
		59988B1324C0A3DF008EF33B /* SceneDelegate.swift in Sources */ = {isa = PBXBuildFile; fileRef = 59988B1224C0A3DF008EF33B /* SceneDelegate.swift */; };
		59988B1524C0A3DF008EF33B /* ViewController.swift in Sources */ = {isa = PBXBuildFile; fileRef = 59988B1424C0A3DF008EF33B /* ViewController.swift */; };
		59988B1824C0A3DF008EF33B /* Main.storyboard in Resources */ = {isa = PBXBuildFile; fileRef = 59988B1624C0A3DF008EF33B /* Main.storyboard */; };
		59988B1A24C0A3E5008EF33B /* Assets.xcassets in Resources */ = {isa = PBXBuildFile; fileRef = 59988B1924C0A3E5008EF33B /* Assets.xcassets */; };
		59988B1D24C0A3E5008EF33B /* LaunchScreen.storyboard in Resources */ = {isa = PBXBuildFile; fileRef = 59988B1B24C0A3E5008EF33B /* LaunchScreen.storyboard */; };
		E2C9124153EFF1A771B20217 /* Pods_WhatsApp.framework in Frameworks */ = {isa = PBXBuildFile; fileRef = B6A01C9CF103EDE98F46A33C /* Pods_WhatsApp.framework */; };
/* End PBXBuildFile section */

/* Begin PBXFileReference section */
		594B358324C66C06003DC3A2 /* GoogleService-Info.plist */ = {isa = PBXFileReference; fileEncoding = 4; lastKnownFileType = text.plist.xml; path = "GoogleService-Info.plist"; sourceTree = "<group>"; };
		59988B0D24C0A3DF008EF33B /* WhatsApp.app */ = {isa = PBXFileReference; explicitFileType = wrapper.application; includeInIndex = 0; path = WhatsApp.app; sourceTree = BUILT_PRODUCTS_DIR; };
		59988B1024C0A3DF008EF33B /* AppDelegate.swift */ = {isa = PBXFileReference; lastKnownFileType = sourcecode.swift; path = AppDelegate.swift; sourceTree = "<group>"; };
		59988B1224C0A3DF008EF33B /* SceneDelegate.swift */ = {isa = PBXFileReference; lastKnownFileType = sourcecode.swift; path = SceneDelegate.swift; sourceTree = "<group>"; };
		59988B1424C0A3DF008EF33B /* ViewController.swift */ = {isa = PBXFileReference; lastKnownFileType = sourcecode.swift; path = ViewController.swift; sourceTree = "<group>"; };
		59988B1724C0A3DF008EF33B /* Base */ = {isa = PBXFileReference; lastKnownFileType = file.storyboard; name = Base; path = Base.lproj/Main.storyboard; sourceTree = "<group>"; };
		59988B1924C0A3E5008EF33B /* Assets.xcassets */ = {isa = PBXFileReference; lastKnownFileType = folder.assetcatalog; path = Assets.xcassets; sourceTree = "<group>"; };
		59988B1C24C0A3E5008EF33B /* Base */ = {isa = PBXFileReference; lastKnownFileType = file.storyboard; name = Base; path = Base.lproj/LaunchScreen.storyboard; sourceTree = "<group>"; };
		59988B1E24C0A3E5008EF33B /* Info.plist */ = {isa = PBXFileReference; lastKnownFileType = text.plist.xml; path = Info.plist; sourceTree = "<group>"; };
		67626DBA133A86CF8B9D1521 /* Pods-WhatsApp.release.xcconfig */ = {isa = PBXFileReference; includeInIndex = 1; lastKnownFileType = text.xcconfig; name = "Pods-WhatsApp.release.xcconfig"; path = "Target Support Files/Pods-WhatsApp/Pods-WhatsApp.release.xcconfig"; sourceTree = "<group>"; };
		913708DD720DAEE8B2A773E9 /* Pods-WhatsApp.debug.xcconfig */ = {isa = PBXFileReference; includeInIndex = 1; lastKnownFileType = text.xcconfig; name = "Pods-WhatsApp.debug.xcconfig"; path = "Target Support Files/Pods-WhatsApp/Pods-WhatsApp.debug.xcconfig"; sourceTree = "<group>"; };
		B6A01C9CF103EDE98F46A33C /* Pods_WhatsApp.framework */ = {isa = PBXFileReference; explicitFileType = wrapper.framework; includeInIndex = 0; path = Pods_WhatsApp.framework; sourceTree = BUILT_PRODUCTS_DIR; };
/* End PBXFileReference section */

/* Begin PBXFrameworksBuildPhase section */
		59988B0A24C0A3DF008EF33B /* Frameworks */ = {
			isa = PBXFrameworksBuildPhase;
			buildActionMask = 2147483647;
			files = (
				E2C9124153EFF1A771B20217 /* Pods_WhatsApp.framework in Frameworks */,
			);
			runOnlyForDeploymentPostprocessing = 0;
		};
/* End PBXFrameworksBuildPhase section */

/* Begin PBXGroup section */
		0EF348044FF3CD5AE38AEEB9 /* Frameworks */ = {
			isa = PBXGroup;
			children = (
				B6A01C9CF103EDE98F46A33C /* Pods_WhatsApp.framework */,
			);
			name = Frameworks;
			sourceTree = "<group>";
		};
		445FD87E59D7C642805E977D /* Pods */ = {
			isa = PBXGroup;
			children = (
				913708DD720DAEE8B2A773E9 /* Pods-WhatsApp.debug.xcconfig */,
				67626DBA133A86CF8B9D1521 /* Pods-WhatsApp.release.xcconfig */,
			);
			name = Pods;
			path = Pods;
			sourceTree = "<group>";
		};
		59988B0424C0A3DF008EF33B = {
			isa = PBXGroup;
			children = (
				59988B0F24C0A3DF008EF33B /* WhatsApp */,
				59988B0E24C0A3DF008EF33B /* Products */,
				445FD87E59D7C642805E977D /* Pods */,
				0EF348044FF3CD5AE38AEEB9 /* Frameworks */,
			);
			sourceTree = "<group>";
		};
		59988B0E24C0A3DF008EF33B /* Products */ = {
			isa = PBXGroup;
			children = (
				59988B0D24C0A3DF008EF33B /* WhatsApp.app */,
			);
			name = Products;
			sourceTree = "<group>";
		};
		59988B0F24C0A3DF008EF33B /* WhatsApp */ = {
			isa = PBXGroup;
			children = (
				59988B1024C0A3DF008EF33B /* AppDelegate.swift */,
				59988B1224C0A3DF008EF33B /* SceneDelegate.swift */,
				59988B1424C0A3DF008EF33B /* ViewController.swift */,
				59988B1624C0A3DF008EF33B /* Main.storyboard */,
				59988B1924C0A3E5008EF33B /* Assets.xcassets */,
				59988B1B24C0A3E5008EF33B /* LaunchScreen.storyboard */,
				59988B1E24C0A3E5008EF33B /* Info.plist */,
				594B358324C66C06003DC3A2 /* GoogleService-Info.plist */,
			);
			path = WhatsApp;
			sourceTree = "<group>";
		};
/* End PBXGroup section */

/* Begin PBXNativeTarget section */
		59988B0C24C0A3DF008EF33B /* WhatsApp */ = {
			isa = PBXNativeTarget;
			buildConfigurationList = 59988B2124C0A3E5008EF33B /* Build configuration list for PBXNativeTarget "WhatsApp" */;
			buildPhases = (
				DF5B276FEB0130028B69DB16 /* [CP] Check Pods Manifest.lock */,
				59988B0924C0A3DF008EF33B /* Sources */,
				59988B0A24C0A3DF008EF33B /* Frameworks */,
				59988B0B24C0A3DF008EF33B /* Resources */,
				E12A46B9C69D1FA999DBD8AE /* [CP] Embed Pods Frameworks */,
			);
			buildRules = (
			);
			dependencies = (
			);
			name = WhatsApp;
			productName = WhatsApp;
			productReference = 59988B0D24C0A3DF008EF33B /* WhatsApp.app */;
			productType = "com.apple.product-type.application";
		};
/* End PBXNativeTarget section */

/* Begin PBXProject section */
		59988B0524C0A3DF008EF33B /* Project object */ = {
			isa = PBXProject;
			attributes = {
				LastSwiftUpdateCheck = 1130;
				LastUpgradeCheck = 1130;
				ORGANIZATIONNAME = "Edwy Lugo";
				TargetAttributes = {
					59988B0C24C0A3DF008EF33B = {
						CreatedOnToolsVersion = 11.3;
					};
				};
			};
			buildConfigurationList = 59988B0824C0A3DF008EF33B /* Build configuration list for PBXProject "WhatsApp" */;
			compatibilityVersion = "Xcode 9.3";
			developmentRegion = en;
			hasScannedForEncodings = 0;
			knownRegions = (
				en,
				Base,
			);
			mainGroup = 59988B0424C0A3DF008EF33B;
			productRefGroup = 59988B0E24C0A3DF008EF33B /* Products */;
			projectDirPath = "";
			projectRoot = "";
			targets = (
				59988B0C24C0A3DF008EF33B /* WhatsApp */,
			);
		};
/* End PBXProject section */

/* Begin PBXResourcesBuildPhase section */
		59988B0B24C0A3DF008EF33B /* Resources */ = {
			isa = PBXResourcesBuildPhase;
			buildActionMask = 2147483647;
			files = (
				59988B1D24C0A3E5008EF33B /* LaunchScreen.storyboard in Resources */,
				594B358424C66C06003DC3A2 /* GoogleService-Info.plist in Resources */,
				59988B1A24C0A3E5008EF33B /* Assets.xcassets in Resources */,
				59988B1824C0A3DF008EF33B /* Main.storyboard in Resources */,
			);
			runOnlyForDeploymentPostprocessing = 0;
		};
/* End PBXResourcesBuildPhase section */

/* Begin PBXShellScriptBuildPhase section */
		DF5B276FEB0130028B69DB16 /* [CP] Check Pods Manifest.lock */ = {
			isa = PBXShellScriptBuildPhase;
			buildActionMask = 2147483647;
			files = (
			);
			inputFileListPaths = (
			);
			inputPaths = (
				"${PODS_PODFILE_DIR_PATH}/Podfile.lock",
				"${PODS_ROOT}/Manifest.lock",
			);
			name = "[CP] Check Pods Manifest.lock";
			outputFileListPaths = (
			);
			outputPaths = (
				"$(DERIVED_FILE_DIR)/Pods-WhatsApp-checkManifestLockResult.txt",
			);
			runOnlyForDeploymentPostprocessing = 0;
			shellPath = /bin/sh;
			shellScript = "diff \"${PODS_PODFILE_DIR_PATH}/Podfile.lock\" \"${PODS_ROOT}/Manifest.lock\" > /dev/null\nif [ $? != 0 ] ; then\n    # print error to STDERR\n    echo \"error: The sandbox is not in sync with the Podfile.lock. Run 'pod install' or update your CocoaPods installation.\" >&2\n    exit 1\nfi\n# This output is used by Xcode 'outputs' to avoid re-running this script phase.\necho \"SUCCESS\" > \"${SCRIPT_OUTPUT_FILE_0}\"\n";
			showEnvVarsInLog = 0;
		};
		E12A46B9C69D1FA999DBD8AE /* [CP] Embed Pods Frameworks */ = {
			isa = PBXShellScriptBuildPhase;
			buildActionMask = 2147483647;
			files = (
			);
			inputFileListPaths = (
				"${PODS_ROOT}/Target Support Files/Pods-WhatsApp/Pods-WhatsApp-frameworks-${CONFIGURATION}-input-files.xcfilelist",
			);
			name = "[CP] Embed Pods Frameworks";
			outputFileListPaths = (
				"${PODS_ROOT}/Target Support Files/Pods-WhatsApp/Pods-WhatsApp-frameworks-${CONFIGURATION}-output-files.xcfilelist",
			);
			runOnlyForDeploymentPostprocessing = 0;
			shellPath = /bin/sh;
			shellScript = "\"${PODS_ROOT}/Target Support Files/Pods-WhatsApp/Pods-WhatsApp-frameworks.sh\"\n";
			showEnvVarsInLog = 0;
		};
/* End PBXShellScriptBuildPhase section */

/* Begin PBXSourcesBuildPhase section */
		59988B0924C0A3DF008EF33B /* Sources */ = {
			isa = PBXSourcesBuildPhase;
			buildActionMask = 2147483647;
			files = (
				59988B1524C0A3DF008EF33B /* ViewController.swift in Sources */,
				59988B1124C0A3DF008EF33B /* AppDelegate.swift in Sources */,
				59988B1324C0A3DF008EF33B /* SceneDelegate.swift in Sources */,
			);
			runOnlyForDeploymentPostprocessing = 0;
		};
/* End PBXSourcesBuildPhase section */

/* Begin PBXVariantGroup section */
		59988B1624C0A3DF008EF33B /* Main.storyboard */ = {
			isa = PBXVariantGroup;
			children = (
				59988B1724C0A3DF008EF33B /* Base */,
			);
			name = Main.storyboard;
			sourceTree = "<group>";
		};
		59988B1B24C0A3E5008EF33B /* LaunchScreen.storyboard */ = {
			isa = PBXVariantGroup;
			children = (
				59988B1C24C0A3E5008EF33B /* Base */,
			);
			name = LaunchScreen.storyboard;
			sourceTree = "<group>";
		};
/* End PBXVariantGroup section */

/* Begin XCBuildConfiguration section */
		59988B1F24C0A3E5008EF33B /* Debug */ = {
			isa = XCBuildConfiguration;
			buildSettings = {
				ALWAYS_SEARCH_USER_PATHS = NO;
				CLANG_ANALYZER_NONNULL = YES;
				CLANG_ANALYZER_NUMBER_OBJECT_CONVERSION = YES_AGGRESSIVE;
				CLANG_CXX_LANGUAGE_STANDARD = "gnu++14";
				CLANG_CXX_LIBRARY = "libc++";
				CLANG_ENABLE_MODULES = YES;
				CLANG_ENABLE_OBJC_ARC = YES;
				CLANG_ENABLE_OBJC_WEAK = YES;
				CLANG_WARN_BLOCK_CAPTURE_AUTORELEASING = YES;
				CLANG_WARN_BOOL_CONVERSION = YES;
				CLANG_WARN_COMMA = YES;
				CLANG_WARN_CONSTANT_CONVERSION = YES;
				CLANG_WARN_DEPRECATED_OBJC_IMPLEMENTATIONS = YES;
				CLANG_WARN_DIRECT_OBJC_ISA_USAGE = YES_ERROR;
				CLANG_WARN_DOCUMENTATION_COMMENTS = YES;
				CLANG_WARN_EMPTY_BODY = YES;
				CLANG_WARN_ENUM_CONVERSION = YES;
				CLANG_WARN_INFINITE_RECURSION = YES;
				CLANG_WARN_INT_CONVERSION = YES;
				CLANG_WARN_NON_LITERAL_NULL_CONVERSION = YES;
				CLANG_WARN_OBJC_IMPLICIT_RETAIN_SELF = YES;
				CLANG_WARN_OBJC_LITERAL_CONVERSION = YES;
				CLANG_WARN_OBJC_ROOT_CLASS = YES_ERROR;
				CLANG_WARN_RANGE_LOOP_ANALYSIS = YES;
				CLANG_WARN_STRICT_PROTOTYPES = YES;
				CLANG_WARN_SUSPICIOUS_MOVE = YES;
				CLANG_WARN_UNGUARDED_AVAILABILITY = YES_AGGRESSIVE;
				CLANG_WARN_UNREACHABLE_CODE = YES;
				CLANG_WARN__DUPLICATE_METHOD_MATCH = YES;
				COPY_PHASE_STRIP = NO;
				DEBUG_INFORMATION_FORMAT = dwarf;
				ENABLE_STRICT_OBJC_MSGSEND = YES;
				ENABLE_TESTABILITY = YES;
				GCC_C_LANGUAGE_STANDARD = gnu11;
				GCC_DYNAMIC_NO_PIC = NO;
				GCC_NO_COMMON_BLOCKS = YES;
				GCC_OPTIMIZATION_LEVEL = 0;
				GCC_PREPROCESSOR_DEFINITIONS = (
					"DEBUG=1",
					"$(inherited)",
				);
				GCC_WARN_64_TO_32_BIT_CONVERSION = YES;
				GCC_WARN_ABOUT_RETURN_TYPE = YES_ERROR;
				GCC_WARN_UNDECLARED_SELECTOR = YES;
				GCC_WARN_UNINITIALIZED_AUTOS = YES_AGGRESSIVE;
				GCC_WARN_UNUSED_FUNCTION = YES;
				GCC_WARN_UNUSED_VARIABLE = YES;
				IPHONEOS_DEPLOYMENT_TARGET = 13.2;
				MTL_ENABLE_DEBUG_INFO = INCLUDE_SOURCE;
				MTL_FAST_MATH = YES;
				ONLY_ACTIVE_ARCH = YES;
				SDKROOT = iphoneos;
				SWIFT_ACTIVE_COMPILATION_CONDITIONS = DEBUG;
				SWIFT_OPTIMIZATION_LEVEL = "-Onone";
			};
			name = Debug;
		};
		59988B2024C0A3E5008EF33B /* Release */ = {
			isa = XCBuildConfiguration;
			buildSettings = {
				ALWAYS_SEARCH_USER_PATHS = NO;
				CLANG_ANALYZER_NONNULL = YES;
				CLANG_ANALYZER_NUMBER_OBJECT_CONVERSION = YES_AGGRESSIVE;
				CLANG_CXX_LANGUAGE_STANDARD = "gnu++14";
				CLANG_CXX_LIBRARY = "libc++";
				CLANG_ENABLE_MODULES = YES;
				CLANG_ENABLE_OBJC_ARC = YES;
				CLANG_ENABLE_OBJC_WEAK = YES;
				CLANG_WARN_BLOCK_CAPTURE_AUTORELEASING = YES;
				CLANG_WARN_BOOL_CONVERSION = YES;
				CLANG_WARN_COMMA = YES;
				CLANG_WARN_CONSTANT_CONVERSION = YES;
				CLANG_WARN_DEPRECATED_OBJC_IMPLEMENTATIONS = YES;
				CLANG_WARN_DIRECT_OBJC_ISA_USAGE = YES_ERROR;
				CLANG_WARN_DOCUMENTATION_COMMENTS = YES;
				CLANG_WARN_EMPTY_BODY = YES;
				CLANG_WARN_ENUM_CONVERSION = YES;
				CLANG_WARN_INFINITE_RECURSION = YES;
				CLANG_WARN_INT_CONVERSION = YES;
				CLANG_WARN_NON_LITERAL_NULL_CONVERSION = YES;
				CLANG_WARN_OBJC_IMPLICIT_RETAIN_SELF = YES;
				CLANG_WARN_OBJC_LITERAL_CONVERSION = YES;
				CLANG_WARN_OBJC_ROOT_CLASS = YES_ERROR;
				CLANG_WARN_RANGE_LOOP_ANALYSIS = YES;
				CLANG_WARN_STRICT_PROTOTYPES = YES;
				CLANG_WARN_SUSPICIOUS_MOVE = YES;
				CLANG_WARN_UNGUARDED_AVAILABILITY = YES_AGGRESSIVE;
				CLANG_WARN_UNREACHABLE_CODE = YES;
				CLANG_WARN__DUPLICATE_METHOD_MATCH = YES;
				COPY_PHASE_STRIP = NO;
				DEBUG_INFORMATION_FORMAT = "dwarf-with-dsym";
				ENABLE_NS_ASSERTIONS = NO;
				ENABLE_STRICT_OBJC_MSGSEND = YES;
				GCC_C_LANGUAGE_STANDARD = gnu11;
				GCC_NO_COMMON_BLOCKS = YES;
				GCC_WARN_64_TO_32_BIT_CONVERSION = YES;
				GCC_WARN_ABOUT_RETURN_TYPE = YES_ERROR;
				GCC_WARN_UNDECLARED_SELECTOR = YES;
				GCC_WARN_UNINITIALIZED_AUTOS = YES_AGGRESSIVE;
				GCC_WARN_UNUSED_FUNCTION = YES;
				GCC_WARN_UNUSED_VARIABLE = YES;
				IPHONEOS_DEPLOYMENT_TARGET = 13.2;
				MTL_ENABLE_DEBUG_INFO = NO;
				MTL_FAST_MATH = YES;
				SDKROOT = iphoneos;
				SWIFT_COMPILATION_MODE = wholemodule;
				SWIFT_OPTIMIZATION_LEVEL = "-O";
				VALIDATE_PRODUCT = YES;
			};
			name = Release;
		};
		59988B2224C0A3E5008EF33B /* Debug */ = {
			isa = XCBuildConfiguration;
			baseConfigurationReference = 913708DD720DAEE8B2A773E9 /* Pods-WhatsApp.debug.xcconfig */;
			buildSettings = {
				ASSETCATALOG_COMPILER_APPICON_NAME = AppIcon;
				CODE_SIGN_STYLE = Automatic;
				DEVELOPMENT_TEAM = 83NFHDY43B;
				INFOPLIST_FILE = WhatsApp/Info.plist;
				LD_RUNPATH_SEARCH_PATHS = (
					"$(inherited)",
					"@executable_path/Frameworks",
				);
				PRODUCT_BUNDLE_IDENTIFIER = br.com.edwylugo.WhatsApp;
				PRODUCT_NAME = "$(TARGET_NAME)";
				SWIFT_VERSION = 5.0;
				TARGETED_DEVICE_FAMILY = "1,2";
			};
			name = Debug;
		};
		59988B2324C0A3E5008EF33B /* Release */ = {
			isa = XCBuildConfiguration;
			baseConfigurationReference = 67626DBA133A86CF8B9D1521 /* Pods-WhatsApp.release.xcconfig */;
			buildSettings = {
				ASSETCATALOG_COMPILER_APPICON_NAME = AppIcon;
				CODE_SIGN_STYLE = Automatic;
				DEVELOPMENT_TEAM = 83NFHDY43B;
				INFOPLIST_FILE = WhatsApp/Info.plist;
				LD_RUNPATH_SEARCH_PATHS = (
					"$(inherited)",
					"@executable_path/Frameworks",
				);
				PRODUCT_BUNDLE_IDENTIFIER = br.com.edwylugo.WhatsApp;
				PRODUCT_NAME = "$(TARGET_NAME)";
				SWIFT_VERSION = 5.0;
				TARGETED_DEVICE_FAMILY = "1,2";
			};
			name = Release;
		};
/* End XCBuildConfiguration section */

/* Begin XCConfigurationList section */
		59988B0824C0A3DF008EF33B /* Build configuration list for PBXProject "WhatsApp" */ = {
			isa = XCConfigurationList;
			buildConfigurations = (
				59988B1F24C0A3E5008EF33B /* Debug */,
				59988B2024C0A3E5008EF33B /* Release */,
			);
			defaultConfigurationIsVisible = 0;
			defaultConfigurationName = Release;
		};
		59988B2124C0A3E5008EF33B /* Build configuration list for PBXNativeTarget "WhatsApp" */ = {
			isa = XCConfigurationList;
			buildConfigurations = (
				59988B2224C0A3E5008EF33B /* Debug */,
				59988B2324C0A3E5008EF33B /* Release */,
			);
			defaultConfigurationIsVisible = 0;
			defaultConfigurationName = Release;
		};
/* End XCConfigurationList section */
	};
	rootObject = 59988B0524C0A3DF008EF33B /* Project object */;
}
